{
  "version": 4,
  "terraform_version": "1.5.7",
  "serial": 95,
  "lineage": "ffbdde26-0d54-e237-b789-6c205f353927",
  "outputs": {
    "ubuntu_vm_password": {
      "value": "ZW9qiukmXa8QBzK7",
      "type": "string",
      "sensitive": true
    },
    "ubuntu_vm_private_key": {
      "value": "-----BEGIN RSA PRIVATE KEY-----\nMIIEowIBAAKCAQEA1RL72SQlCnbVZRbcjfS8Uvx1YykOKrqjArbuwKPXzaqws7p1\nGjX80sgMw0IgOkQW7Q+v6pjo3aExHRIL8BWeE8KzMhg4rnePDAtZJSixFmRPxJO+\nVncYHbo0aq35kD0Jpba6bS8B5EcqxzKmbf98RsZvvcUKBU+2sv9tU3kCxWJtgYEA\ncmc8J67IHuD6un8W61mBbbMFY2iRrJNIQhyvbLpG3GGmTSepKmwmncuju0G2QPxQ\niJJwuS0H7KENcdcAbQ7V9N+lhy778o74G+BDdstXSZ7ldohuUWrBAKbIvaUszr80\nP5rsu7rfsI/RE2sCE50N3XBkxxGNAq8spXmSnwIDAQABAoIBABzavEZUkbuQCift\nZ6LFsLcgPxlVlviMW8TjVwO5bGEKq3E7X95Tz1AQDUJn8wtQ6zXhOPZxDJ/u00LX\njcxOcSDF7hRrmUlvIW0FIGZa01hv7yl0xILbD+X+sFh+BNzWlzbcvvRIOF5ckNt2\n7XjZ7096UemGBGxhtiEZXAnAynJGOYGhvQ38ql1KkwEqxv19+xhKjGiy07381iBs\nkrBZs8pz4PqI8XCeuVl6FZ4+fM1FPWYH5f01sXglA8Lc9jhFyGxTDpjJ0Uy1uhYp\nlUN1LTUgmwKfSDy3gTg5ApjDsIip7HCSDhK6chZuHieNANPoSulg5DYZWzOsdJJG\nrNn0sIECgYEA/2pnkkbCqoy9xfpMrv4qm80i1s5+XE3Px+vzrSLSa4+oXTZMQMvH\nJKzS2CPNrEdU+cSIL5U0/4Wjp9LnTgrygJ2jpIaFvqRSIoUKZEooV/GrSaP3IHXq\noii2WhbQ6uhBb999HenJiswiYMEqe/DoTCsH0YC8ho5ZXUZthk7qfd8CgYEA1Y/H\nsUWj7I4UC+3HqhSCnblpCePZpD5lWqI6u0ICHpdcaDWA5x5vBwmhECllWJTHMIWl\niiyhsupBlS3PSuPSDBSpcWn0bCKcClLJvFEHI2JX7Bf9IEwNvz6IpjS84Mtd/q/m\nbYpFqY/S+g4ypA64KmxaWJKnxfZFM/RaXcZKA0ECgYALqx7ELftisz9QNhkevXnQ\n2FRJH/Hh4aQma/8b38VhKJT2fS6Kn0Sfxk1zll8lCbU2G+Zk1hovujk5x4bNp+5g\nNdNuBr9BcFxYO1+4KTMioWXD3XvCveBUPCvofbZZpPaoV7ttjGqqrpy7ctewBdd2\n81hOF+WE+CfY/Qiv5BcOXQKBgBfixvD62wTAN1nGNIi/VoSRkj/67gLCv89NSchb\n76TARSOaqFoxOzXMS+lk1+L6cPTqXcOAjm1WahNnVkIIDRwwy2rV8PKPRGibLdkU\nLvo0K6VKYZNVLkxvkBUW3PE/jbnIrrsdtgDrByvUnrFevBZynABAFue7Ta4r7FeE\nsA6BAoGBAL2+vhjCUxPfJh0oQq/qQWU/wLYr5HRbS3qbXTc9QCvA/vo3k3DIYCG2\nO3uuZe6J13AbSOLZZQ2DKnCfHg4vWOMu2taVkSi1Q0UtCTk9HH7Z43QiRX/VrvtM\n5x4uthCVytmGQtKTxlSCR3VnfVFGKD6qhdeGDAWzricVFQgK/TF3\n-----END RSA PRIVATE KEY-----\n",
      "type": "string",
      "sensitive": true
    },
    "ubuntu_vm_public_key": {
      "value": "ssh-rsa AAAAB3NzaC1yc2EAAAADAQABAAABAQDVEvvZJCUKdtVlFtyN9LxS/HVjKQ4quqMCtu7Ao9fNqrCzunUaNfzSyAzDQiA6RBbtD6/qmOjdoTEdEgvwFZ4TwrMyGDiud48MC1klKLEWZE/Ek75WdxgdujRqrfmQPQmltrptLwHkRyrHMqZt/3xGxm+9xQoFT7ay/21TeQLFYm2BgQByZzwnrsge4Pq6fxbrWYFtswVjaJGsk0hCHK9sukbcYaZNJ6kqbCady6O7QbZA/FCIknC5LQfsoQ1x1wBtDtX036WHLvvyjvgb4EN2y1dJnuV2iG5RasEApsi9pSzOvzQ/muy7ut+wj9ETawITnQ3dcGTHEY0CryyleZKf\n",
      "type": "string"
    }
  },
  "resources": [
    {
      "mode": "managed",
      "type": "proxmox_virtual_environment_download_file",
      "name": "ubuntu_cloud_image",
      "provider": "provider[\"registry.terraform.io/bpg/proxmox\"]",
      "instances": [
        {
          "schema_version": 0,
          "attributes": {
            "checksum": null,
            "checksum_algorithm": null,
            "content_type": "iso",
            "datastore_id": "local",
            "decompression_algorithm": null,
            "file_name": "jammy-server-cloudimg-amd64.img",
            "id": "local:iso/jammy-server-cloudimg-amd64.img",
            "node_name": "pve",
            "overwrite": true,
            "overwrite_unmanaged": false,
            "size": 653668352,
            "upload_timeout": 600,
            "url": "https://cloud-images.ubuntu.com/jammy/current/jammy-server-cloudimg-amd64.img",
            "verify": true
          },
          "sensitive_attributes": []
        }
      ]
    },
    {
      "mode": "managed",
      "type": "proxmox_virtual_environment_vm",
      "name": "k3s-server",
      "provider": "provider[\"registry.terraform.io/bpg/proxmox\"]",
      "instances": [
        {
          "index_key": 0,
          "schema_version": 0,
          "attributes": {
            "acpi": true,
            "agent": [
              {
                "enabled": false,
                "timeout": "15m",
                "trim": false,
                "type": "virtio"
              }
            ],
            "audio_device": [],
            "bios": "seabios",
            "boot_order": null,
            "cdrom": [],
            "clone": [],
            "cpu": [
              {
                "affinity": "",
                "architecture": "",
                "cores": 4,
                "flags": null,
                "hotplugged": 0,
                "limit": 0,
                "numa": false,
                "sockets": 1,
                "type": "x86-64-v2-AES",
                "units": 1024
              }
            ],
            "description": "Managed by Terraform",
            "disk": [
              {
                "aio": "io_uring",
                "backup": true,
                "cache": "none",
                "datastore_id": "nas",
                "discard": "ignore",
                "file_format": "raw",
                "file_id": "local:iso/jammy-server-cloudimg-amd64.img",
                "interface": "scsi0",
                "iothread": false,
                "path_in_datastore": "vm-4321-disk-1",
                "replicate": true,
                "serial": "",
                "size": 32,
                "speed": [],
                "ssd": false
              },
              {
                "aio": "io_uring",
                "backup": true,
                "cache": "none",
                "datastore_id": "nas",
                "discard": "ignore",
                "file_format": "raw",
                "file_id": "",
                "interface": "scsi1",
                "iothread": false,
                "path_in_datastore": "vm-4321-disk-0",
                "replicate": true,
                "serial": "",
                "size": 1024,
                "speed": [],
                "ssd": false
              }
            ],
            "efi_disk": [],
            "hook_script_file_id": null,
            "hostpci": [],
            "id": "4321",
            "initialization": [
              {
                "datastore_id": "local-lvm",
                "dns": [],
                "interface": "ide2",
                "ip_config": [
                  {
                    "ipv4": [
                      {
                        "address": "192.168.1.100/24",
                        "gateway": "192.168.1.1"
                      }
                    ],
                    "ipv6": []
                  }
                ],
                "meta_data_file_id": "",
                "network_data_file_id": "",
                "type": "",
                "upgrade": false,
                "user_account": [
                  {
                    "keys": [
                      "ssh-rsa AAAAB3NzaC1yc2EAAAADAQABAAABAQDVEvvZJCUKdtVlFtyN9LxS/HVjKQ4quqMCtu7Ao9fNqrCzunUaNfzSyAzDQiA6RBbtD6/qmOjdoTEdEgvwFZ4TwrMyGDiud48MC1klKLEWZE/Ek75WdxgdujRqrfmQPQmltrptLwHkRyrHMqZt/3xGxm+9xQoFT7ay/21TeQLFYm2BgQByZzwnrsge4Pq6fxbrWYFtswVjaJGsk0hCHK9sukbcYaZNJ6kqbCady6O7QbZA/FCIknC5LQfsoQ1x1wBtDtX036WHLvvyjvgb4EN2y1dJnuV2iG5RasEApsi9pSzOvzQ/muy7ut+wj9ETawITnQ3dcGTHEY0CryyleZKf"
                    ],
                    "password": "**********",
                    "username": "adminuser"
                  }
                ],
                "user_data_file_id": "",
                "vendor_data_file_id": ""
              }
            ],
            "ipv4_addresses": [],
            "ipv6_addresses": [],
            "keyboard_layout": "en-us",
            "kvm_arguments": "",
            "mac_addresses": [
              "BC:24:11:BC:43:F0"
            ],
            "machine": "",
            "memory": [
              {
                "dedicated": 8192,
                "floating": 0,
                "hugepages": "",
                "keep_hugepages": false,
                "shared": 0
              }
            ],
            "migrate": false,
            "name": "k3s-server-0",
            "network_device": [
              {
                "bridge": "vmbr0",
                "disconnected": false,
                "enabled": true,
                "firewall": false,
                "mac_address": "BC:24:11:BC:43:F0",
                "model": "virtio",
                "mtu": 0,
                "queues": 0,
                "rate_limit": 0,
                "trunks": "",
                "vlan_id": 0
              }
            ],
            "network_interface_names": [],
            "node_name": "pve",
            "numa": [],
            "on_boot": true,
            "operating_system": [
              {
                "type": "l26"
              }
            ],
            "pool_id": null,
            "protection": false,
            "reboot": false,
            "scsi_hardware": "virtio-scsi-pci",
            "serial_device": [
              {
                "device": "socket"
              }
            ],
            "smbios": [],
            "started": true,
            "startup": [
              {
                "down_delay": 60,
                "order": 3,
                "up_delay": 60
              }
            ],
            "stop_on_destroy": true,
            "tablet_device": true,
            "tags": [
              "terraform",
              "ubuntu"
            ],
            "template": false,
            "timeout_clone": 1800,
            "timeout_create": 1800,
            "timeout_migrate": 1800,
            "timeout_move_disk": 1800,
            "timeout_reboot": 1800,
            "timeout_shutdown_vm": 1800,
            "timeout_start_vm": 1800,
            "timeout_stop_vm": 300,
            "tpm_state": [
              {
                "datastore_id": "local-lvm",
                "version": "v2.0"
              }
            ],
            "usb": [],
            "vga": [],
            "vm_id": 4321,
            "watchdog": []
          },
          "sensitive_attributes": [
            [
              {
                "type": "get_attr",
                "value": "initialization"
              },
              {
                "type": "index",
                "value": {
                  "value": 0,
                  "type": "number"
                }
              },
              {
                "type": "get_attr",
                "value": "user_account"
              },
              {
                "type": "index",
                "value": {
                  "value": 0,
                  "type": "number"
                }
              },
              {
                "type": "get_attr",
                "value": "password"
              }
            ]
          ],
          "private": "bnVsbA==",
          "dependencies": [
            "proxmox_virtual_environment_download_file.ubuntu_cloud_image",
            "random_password.ubuntu_vm_password",
            "tls_private_key.ubuntu_vm_key"
          ]
        },
        {
          "index_key": 1,
          "schema_version": 0,
          "attributes": {
            "acpi": true,
            "agent": [
              {
                "enabled": false,
                "timeout": "15m",
                "trim": false,
                "type": "virtio"
              }
            ],
            "audio_device": [],
            "bios": "seabios",
            "boot_order": null,
            "cdrom": [],
            "clone": [],
            "cpu": [
              {
                "affinity": "",
                "architecture": "",
                "cores": 4,
                "flags": null,
                "hotplugged": 0,
                "limit": 0,
                "numa": false,
                "sockets": 1,
                "type": "x86-64-v2-AES",
                "units": 1024
              }
            ],
            "description": "Managed by Terraform",
            "disk": [
              {
                "aio": "io_uring",
                "backup": true,
                "cache": "none",
                "datastore_id": "nas",
                "discard": "ignore",
                "file_format": "raw",
                "file_id": "local:iso/jammy-server-cloudimg-amd64.img",
                "interface": "scsi0",
                "iothread": false,
                "path_in_datastore": "vm-4322-disk-1",
                "replicate": true,
                "serial": "",
                "size": 32,
                "speed": [],
                "ssd": false
              },
              {
                "aio": "io_uring",
                "backup": true,
                "cache": "none",
                "datastore_id": "nas",
                "discard": "ignore",
                "file_format": "raw",
                "file_id": "",
                "interface": "scsi1",
                "iothread": false,
                "path_in_datastore": "vm-4322-disk-0",
                "replicate": true,
                "serial": "",
                "size": 1024,
                "speed": [],
                "ssd": false
              }
            ],
            "efi_disk": [],
            "hook_script_file_id": null,
            "hostpci": [],
            "id": "4322",
            "initialization": [
              {
                "datastore_id": "local-lvm",
                "dns": [],
                "interface": "ide2",
                "ip_config": [
                  {
                    "ipv4": [
                      {
                        "address": "192.168.1.101/24",
                        "gateway": "192.168.1.1"
                      }
                    ],
                    "ipv6": []
                  }
                ],
                "meta_data_file_id": "",
                "network_data_file_id": "",
                "type": "",
                "upgrade": false,
                "user_account": [
                  {
                    "keys": [
                      "ssh-rsa AAAAB3NzaC1yc2EAAAADAQABAAABAQDVEvvZJCUKdtVlFtyN9LxS/HVjKQ4quqMCtu7Ao9fNqrCzunUaNfzSyAzDQiA6RBbtD6/qmOjdoTEdEgvwFZ4TwrMyGDiud48MC1klKLEWZE/Ek75WdxgdujRqrfmQPQmltrptLwHkRyrHMqZt/3xGxm+9xQoFT7ay/21TeQLFYm2BgQByZzwnrsge4Pq6fxbrWYFtswVjaJGsk0hCHK9sukbcYaZNJ6kqbCady6O7QbZA/FCIknC5LQfsoQ1x1wBtDtX036WHLvvyjvgb4EN2y1dJnuV2iG5RasEApsi9pSzOvzQ/muy7ut+wj9ETawITnQ3dcGTHEY0CryyleZKf"
                    ],
                    "password": "**********",
                    "username": "adminuser"
                  }
                ],
                "user_data_file_id": "",
                "vendor_data_file_id": ""
              }
            ],
            "ipv4_addresses": [],
            "ipv6_addresses": [],
            "keyboard_layout": "en-us",
            "kvm_arguments": "",
            "mac_addresses": [
              "BC:24:11:C9:28:FE"
            ],
            "machine": "",
            "memory": [
              {
                "dedicated": 8192,
                "floating": 0,
                "hugepages": "",
                "keep_hugepages": false,
                "shared": 0
              }
            ],
            "migrate": false,
            "name": "k3s-server-1",
            "network_device": [
              {
                "bridge": "vmbr0",
                "disconnected": false,
                "enabled": true,
                "firewall": false,
                "mac_address": "BC:24:11:C9:28:FE",
                "model": "virtio",
                "mtu": 0,
                "queues": 0,
                "rate_limit": 0,
                "trunks": "",
                "vlan_id": 0
              }
            ],
            "network_interface_names": [],
            "node_name": "pve",
            "numa": [],
            "on_boot": true,
            "operating_system": [
              {
                "type": "l26"
              }
            ],
            "pool_id": null,
            "protection": false,
            "reboot": false,
            "scsi_hardware": "virtio-scsi-pci",
            "serial_device": [
              {
                "device": "socket"
              }
            ],
            "smbios": [],
            "started": true,
            "startup": [
              {
                "down_delay": 60,
                "order": 3,
                "up_delay": 60
              }
            ],
            "stop_on_destroy": true,
            "tablet_device": true,
            "tags": [
              "terraform",
              "ubuntu"
            ],
            "template": false,
            "timeout_clone": 1800,
            "timeout_create": 1800,
            "timeout_migrate": 1800,
            "timeout_move_disk": 1800,
            "timeout_reboot": 1800,
            "timeout_shutdown_vm": 1800,
            "timeout_start_vm": 1800,
            "timeout_stop_vm": 300,
            "tpm_state": [
              {
                "datastore_id": "local-lvm",
                "version": "v2.0"
              }
            ],
            "usb": [],
            "vga": [],
            "vm_id": 4322,
            "watchdog": []
          },
          "sensitive_attributes": [
            [
              {
                "type": "get_attr",
                "value": "initialization"
              },
              {
                "type": "index",
                "value": {
                  "value": 0,
                  "type": "number"
                }
              },
              {
                "type": "get_attr",
                "value": "user_account"
              },
              {
                "type": "index",
                "value": {
                  "value": 0,
                  "type": "number"
                }
              },
              {
                "type": "get_attr",
                "value": "password"
              }
            ]
          ],
          "private": "bnVsbA==",
          "dependencies": [
            "proxmox_virtual_environment_download_file.ubuntu_cloud_image",
            "random_password.ubuntu_vm_password",
            "tls_private_key.ubuntu_vm_key"
          ]
        },
        {
          "index_key": 2,
          "schema_version": 0,
          "attributes": {
            "acpi": true,
            "agent": [
              {
                "enabled": false,
                "timeout": "15m",
                "trim": false,
                "type": "virtio"
              }
            ],
            "audio_device": [],
            "bios": "seabios",
            "boot_order": null,
            "cdrom": [],
            "clone": [],
            "cpu": [
              {
                "affinity": "",
                "architecture": "",
                "cores": 4,
                "flags": null,
                "hotplugged": 0,
                "limit": 0,
                "numa": false,
                "sockets": 1,
                "type": "x86-64-v2-AES",
                "units": 1024
              }
            ],
            "description": "Managed by Terraform",
            "disk": [
              {
                "aio": "io_uring",
                "backup": true,
                "cache": "none",
                "datastore_id": "nas",
                "discard": "ignore",
                "file_format": "raw",
                "file_id": "local:iso/jammy-server-cloudimg-amd64.img",
                "interface": "scsi0",
                "iothread": false,
                "path_in_datastore": "vm-4323-disk-1",
                "replicate": true,
                "serial": "",
                "size": 32,
                "speed": [],
                "ssd": false
              },
              {
                "aio": "io_uring",
                "backup": true,
                "cache": "none",
                "datastore_id": "nas",
                "discard": "ignore",
                "file_format": "raw",
                "file_id": "",
                "interface": "scsi1",
                "iothread": false,
                "path_in_datastore": "vm-4323-disk-0",
                "replicate": true,
                "serial": "",
                "size": 1024,
                "speed": [],
                "ssd": false
              }
            ],
            "efi_disk": [],
            "hook_script_file_id": null,
            "hostpci": [],
            "id": "4323",
            "initialization": [
              {
                "datastore_id": "local-lvm",
                "dns": [],
                "interface": "ide2",
                "ip_config": [
                  {
                    "ipv4": [
                      {
                        "address": "192.168.1.102/24",
                        "gateway": "192.168.1.1"
                      }
                    ],
                    "ipv6": []
                  }
                ],
                "meta_data_file_id": "",
                "network_data_file_id": "",
                "type": "",
                "upgrade": false,
                "user_account": [
                  {
                    "keys": [
                      "ssh-rsa AAAAB3NzaC1yc2EAAAADAQABAAABAQDVEvvZJCUKdtVlFtyN9LxS/HVjKQ4quqMCtu7Ao9fNqrCzunUaNfzSyAzDQiA6RBbtD6/qmOjdoTEdEgvwFZ4TwrMyGDiud48MC1klKLEWZE/Ek75WdxgdujRqrfmQPQmltrptLwHkRyrHMqZt/3xGxm+9xQoFT7ay/21TeQLFYm2BgQByZzwnrsge4Pq6fxbrWYFtswVjaJGsk0hCHK9sukbcYaZNJ6kqbCady6O7QbZA/FCIknC5LQfsoQ1x1wBtDtX036WHLvvyjvgb4EN2y1dJnuV2iG5RasEApsi9pSzOvzQ/muy7ut+wj9ETawITnQ3dcGTHEY0CryyleZKf"
                    ],
                    "password": "**********",
                    "username": "adminuser"
                  }
                ],
                "user_data_file_id": "",
                "vendor_data_file_id": ""
              }
            ],
            "ipv4_addresses": [],
            "ipv6_addresses": [],
            "keyboard_layout": "en-us",
            "kvm_arguments": "",
            "mac_addresses": [
              "BC:24:11:8D:2E:61"
            ],
            "machine": "",
            "memory": [
              {
                "dedicated": 8192,
                "floating": 0,
                "hugepages": "",
                "keep_hugepages": false,
                "shared": 0
              }
            ],
            "migrate": false,
            "name": "k3s-server-2",
            "network_device": [
              {
                "bridge": "vmbr0",
                "disconnected": false,
                "enabled": true,
                "firewall": false,
                "mac_address": "BC:24:11:8D:2E:61",
                "model": "virtio",
                "mtu": 0,
                "queues": 0,
                "rate_limit": 0,
                "trunks": "",
                "vlan_id": 0
              }
            ],
            "network_interface_names": [],
            "node_name": "pve",
            "numa": [],
            "on_boot": true,
            "operating_system": [
              {
                "type": "l26"
              }
            ],
            "pool_id": null,
            "protection": false,
            "reboot": false,
            "scsi_hardware": "virtio-scsi-pci",
            "serial_device": [
              {
                "device": "socket"
              }
            ],
            "smbios": [],
            "started": true,
            "startup": [
              {
                "down_delay": 60,
                "order": 3,
                "up_delay": 60
              }
            ],
            "stop_on_destroy": true,
            "tablet_device": true,
            "tags": [
              "terraform",
              "ubuntu"
            ],
            "template": false,
            "timeout_clone": 1800,
            "timeout_create": 1800,
            "timeout_migrate": 1800,
            "timeout_move_disk": 1800,
            "timeout_reboot": 1800,
            "timeout_shutdown_vm": 1800,
            "timeout_start_vm": 1800,
            "timeout_stop_vm": 300,
            "tpm_state": [
              {
                "datastore_id": "local-lvm",
                "version": "v2.0"
              }
            ],
            "usb": [],
            "vga": [],
            "vm_id": 4323,
            "watchdog": []
          },
          "sensitive_attributes": [
            [
              {
                "type": "get_attr",
                "value": "initialization"
              },
              {
                "type": "index",
                "value": {
                  "value": 0,
                  "type": "number"
                }
              },
              {
                "type": "get_attr",
                "value": "user_account"
              },
              {
                "type": "index",
                "value": {
                  "value": 0,
                  "type": "number"
                }
              },
              {
                "type": "get_attr",
                "value": "password"
              }
            ]
          ],
          "private": "bnVsbA==",
          "dependencies": [
            "proxmox_virtual_environment_download_file.ubuntu_cloud_image",
            "random_password.ubuntu_vm_password",
            "tls_private_key.ubuntu_vm_key"
          ]
        }
      ]
    },
    {
      "mode": "managed",
      "type": "random_password",
      "name": "ubuntu_vm_password",
      "provider": "provider[\"registry.terraform.io/hashicorp/random\"]",
      "instances": [
        {
          "schema_version": 3,
          "attributes": {
            "bcrypt_hash": "$2a$10$Xr6AhiUNY5kh5.o2j1p5XuxDtpU8e6U3UanK2FFjdg4/95H53E5wy",
            "id": "none",
            "keepers": null,
            "length": 16,
            "lower": true,
            "min_lower": 0,
            "min_numeric": 0,
            "min_special": 0,
            "min_upper": 0,
            "number": true,
            "numeric": true,
            "override_special": "_%@",
            "result": "ZW9qiukmXa8QBzK7",
            "special": true,
            "upper": true
          },
          "sensitive_attributes": []
        }
      ]
    },
    {
      "mode": "managed",
      "type": "tls_private_key",
      "name": "ubuntu_vm_key",
      "provider": "provider[\"registry.terraform.io/hashicorp/tls\"]",
      "instances": [
        {
          "schema_version": 1,
          "attributes": {
            "algorithm": "RSA",
            "ecdsa_curve": "P224",
            "id": "5a80b29b724fbf80bc155eb1d68f6d0b4dd2326a",
            "private_key_openssh": "-----BEGIN OPENSSH PRIVATE KEY-----\nb3BlbnNzaC1rZXktdjEAAAAABG5vbmUAAAAEbm9uZQAAAAAAAAABAAABFwAAAAdz\nc2gtcnNhAAAAAwEAAQAAAQEA1RL72SQlCnbVZRbcjfS8Uvx1YykOKrqjArbuwKPX\nzaqws7p1GjX80sgMw0IgOkQW7Q+v6pjo3aExHRIL8BWeE8KzMhg4rnePDAtZJSix\nFmRPxJO+VncYHbo0aq35kD0Jpba6bS8B5EcqxzKmbf98RsZvvcUKBU+2sv9tU3kC\nxWJtgYEAcmc8J67IHuD6un8W61mBbbMFY2iRrJNIQhyvbLpG3GGmTSepKmwmncuj\nu0G2QPxQiJJwuS0H7KENcdcAbQ7V9N+lhy778o74G+BDdstXSZ7ldohuUWrBAKbI\nvaUszr80P5rsu7rfsI/RE2sCE50N3XBkxxGNAq8spXmSnwAAA7jqniOj6p4jowAA\nAAdzc2gtcnNhAAABAQDVEvvZJCUKdtVlFtyN9LxS/HVjKQ4quqMCtu7Ao9fNqrCz\nunUaNfzSyAzDQiA6RBbtD6/qmOjdoTEdEgvwFZ4TwrMyGDiud48MC1klKLEWZE/E\nk75WdxgdujRqrfmQPQmltrptLwHkRyrHMqZt/3xGxm+9xQoFT7ay/21TeQLFYm2B\ngQByZzwnrsge4Pq6fxbrWYFtswVjaJGsk0hCHK9sukbcYaZNJ6kqbCady6O7QbZA\n/FCIknC5LQfsoQ1x1wBtDtX036WHLvvyjvgb4EN2y1dJnuV2iG5RasEApsi9pSzO\nvzQ/muy7ut+wj9ETawITnQ3dcGTHEY0CryyleZKfAAAAAwEAAQAAAQAc2rxGVJG7\nkAon7WeixbC3ID8ZVZb4jFvE41cDuWxhCqtxO1/eU89QEA1CZ/MLUOs14Tj2cQyf\n7tNC143MTnEgxe4Ua5lJbyFtBSBmWtNYb+8pdMSC2w/l/rBYfgTc1pc23L70SDhe\nXJDbdu142e9PelHphgRsYbYhGVwJwMpyRjmBob0N/KpdSpMBKsb9ffsYSoxostO9\n/NYgbJKwWbPKc+D6iPFwnrlZehWePnzNRT1mB+X9NbF4JQPC3PY4RchsUw6YydFM\ntboWKZVDdS01IJsCn0g8t4E4OQKYw7CIqexwkg4SunIWbh4njQDT6ErpYOQ2GVsz\nrHSSRqzZ9LCBAAAAgQC9vr4YwlMT3yYdKEKv6kFlP8C2K+R0W0t6m103PUArwP76\nN5NwyGAhtjt7rmXuiddwG0ji2WUNgypwnx4OL1jjLtrWlZEotUNFLQk5PRx+2eN0\nIkV/1a77TOceLrYQlcrZhkLSk8ZUgkd1Z31RRig+qoXXhgwFs64nFRUICv0xdwAA\nAIEA/2pnkkbCqoy9xfpMrv4qm80i1s5+XE3Px+vzrSLSa4+oXTZMQMvHJKzS2CPN\nrEdU+cSIL5U0/4Wjp9LnTgrygJ2jpIaFvqRSIoUKZEooV/GrSaP3IHXqoii2WhbQ\n6uhBb999HenJiswiYMEqe/DoTCsH0YC8ho5ZXUZthk7qfd8AAACBANWPx7FFo+yO\nFAvtx6oUgp25aQnj2aQ+ZVqiOrtCAh6XXGg1gOcebwcJoRApZViUxzCFpYosobLq\nQZUtz0rj0gwUqXFp9GwinApSybxRByNiV+wX/SBMDb8+iKY0vODLXf6v5m2KRamP\n0voOMqQOuCpsWliSp8X2RTP0Wl3GSgNBAAAAAAEC\n-----END OPENSSH PRIVATE KEY-----\n",
            "private_key_pem": "-----BEGIN RSA PRIVATE KEY-----\nMIIEowIBAAKCAQEA1RL72SQlCnbVZRbcjfS8Uvx1YykOKrqjArbuwKPXzaqws7p1\nGjX80sgMw0IgOkQW7Q+v6pjo3aExHRIL8BWeE8KzMhg4rnePDAtZJSixFmRPxJO+\nVncYHbo0aq35kD0Jpba6bS8B5EcqxzKmbf98RsZvvcUKBU+2sv9tU3kCxWJtgYEA\ncmc8J67IHuD6un8W61mBbbMFY2iRrJNIQhyvbLpG3GGmTSepKmwmncuju0G2QPxQ\niJJwuS0H7KENcdcAbQ7V9N+lhy778o74G+BDdstXSZ7ldohuUWrBAKbIvaUszr80\nP5rsu7rfsI/RE2sCE50N3XBkxxGNAq8spXmSnwIDAQABAoIBABzavEZUkbuQCift\nZ6LFsLcgPxlVlviMW8TjVwO5bGEKq3E7X95Tz1AQDUJn8wtQ6zXhOPZxDJ/u00LX\njcxOcSDF7hRrmUlvIW0FIGZa01hv7yl0xILbD+X+sFh+BNzWlzbcvvRIOF5ckNt2\n7XjZ7096UemGBGxhtiEZXAnAynJGOYGhvQ38ql1KkwEqxv19+xhKjGiy07381iBs\nkrBZs8pz4PqI8XCeuVl6FZ4+fM1FPWYH5f01sXglA8Lc9jhFyGxTDpjJ0Uy1uhYp\nlUN1LTUgmwKfSDy3gTg5ApjDsIip7HCSDhK6chZuHieNANPoSulg5DYZWzOsdJJG\nrNn0sIECgYEA/2pnkkbCqoy9xfpMrv4qm80i1s5+XE3Px+vzrSLSa4+oXTZMQMvH\nJKzS2CPNrEdU+cSIL5U0/4Wjp9LnTgrygJ2jpIaFvqRSIoUKZEooV/GrSaP3IHXq\noii2WhbQ6uhBb999HenJiswiYMEqe/DoTCsH0YC8ho5ZXUZthk7qfd8CgYEA1Y/H\nsUWj7I4UC+3HqhSCnblpCePZpD5lWqI6u0ICHpdcaDWA5x5vBwmhECllWJTHMIWl\niiyhsupBlS3PSuPSDBSpcWn0bCKcClLJvFEHI2JX7Bf9IEwNvz6IpjS84Mtd/q/m\nbYpFqY/S+g4ypA64KmxaWJKnxfZFM/RaXcZKA0ECgYALqx7ELftisz9QNhkevXnQ\n2FRJH/Hh4aQma/8b38VhKJT2fS6Kn0Sfxk1zll8lCbU2G+Zk1hovujk5x4bNp+5g\nNdNuBr9BcFxYO1+4KTMioWXD3XvCveBUPCvofbZZpPaoV7ttjGqqrpy7ctewBdd2\n81hOF+WE+CfY/Qiv5BcOXQKBgBfixvD62wTAN1nGNIi/VoSRkj/67gLCv89NSchb\n76TARSOaqFoxOzXMS+lk1+L6cPTqXcOAjm1WahNnVkIIDRwwy2rV8PKPRGibLdkU\nLvo0K6VKYZNVLkxvkBUW3PE/jbnIrrsdtgDrByvUnrFevBZynABAFue7Ta4r7FeE\nsA6BAoGBAL2+vhjCUxPfJh0oQq/qQWU/wLYr5HRbS3qbXTc9QCvA/vo3k3DIYCG2\nO3uuZe6J13AbSOLZZQ2DKnCfHg4vWOMu2taVkSi1Q0UtCTk9HH7Z43QiRX/VrvtM\n5x4uthCVytmGQtKTxlSCR3VnfVFGKD6qhdeGDAWzricVFQgK/TF3\n-----END RSA PRIVATE KEY-----\n",
            "private_key_pem_pkcs8": "-----BEGIN PRIVATE KEY-----\nMIIEvQIBADANBgkqhkiG9w0BAQEFAASCBKcwggSjAgEAAoIBAQDVEvvZJCUKdtVl\nFtyN9LxS/HVjKQ4quqMCtu7Ao9fNqrCzunUaNfzSyAzDQiA6RBbtD6/qmOjdoTEd\nEgvwFZ4TwrMyGDiud48MC1klKLEWZE/Ek75WdxgdujRqrfmQPQmltrptLwHkRyrH\nMqZt/3xGxm+9xQoFT7ay/21TeQLFYm2BgQByZzwnrsge4Pq6fxbrWYFtswVjaJGs\nk0hCHK9sukbcYaZNJ6kqbCady6O7QbZA/FCIknC5LQfsoQ1x1wBtDtX036WHLvvy\njvgb4EN2y1dJnuV2iG5RasEApsi9pSzOvzQ/muy7ut+wj9ETawITnQ3dcGTHEY0C\nryyleZKfAgMBAAECggEAHNq8RlSRu5AKJ+1nosWwtyA/GVWW+IxbxONXA7lsYQqr\ncTtf3lPPUBANQmfzC1DrNeE49nEMn+7TQteNzE5xIMXuFGuZSW8hbQUgZlrTWG/v\nKXTEgtsP5f6wWH4E3NaXNty+9Eg4XlyQ23bteNnvT3pR6YYEbGG2IRlcCcDKckY5\ngaG9DfyqXUqTASrG/X37GEqMaLLTvfzWIGySsFmzynPg+ojxcJ65WXoVnj58zUU9\nZgfl/TWxeCUDwtz2OEXIbFMOmMnRTLW6FimVQ3UtNSCbAp9IPLeBODkCmMOwiKns\ncJIOErpyFm4eJ40A0+hK6WDkNhlbM6x0kkas2fSwgQKBgQD/ameSRsKqjL3F+kyu\n/iqbzSLWzn5cTc/H6/OtItJrj6hdNkxAy8ckrNLYI82sR1T5xIgvlTT/haOn0udO\nCvKAnaOkhoW+pFIihQpkSihX8atJo/cgdeqiKLZaFtDq6EFv330d6cmKzCJgwSp7\n8OhMKwfRgLyGjlldRm2GTup93wKBgQDVj8exRaPsjhQL7ceqFIKduWkJ49mkPmVa\nojq7QgIel1xoNYDnHm8HCaEQKWVYlMcwhaWKLKGy6kGVLc9K49IMFKlxafRsIpwK\nUsm8UQcjYlfsF/0gTA2/PoimNLzgy13+r+ZtikWpj9L6DjKkDrgqbFpYkqfF9kUz\n9FpdxkoDQQKBgAurHsQt+2KzP1A2GR69edDYVEkf8eHhpCZr/xvfxWEolPZ9Loqf\nRJ/GTXOWXyUJtTYb5mTWGi+6OTnHhs2n7mA1024Gv0FwXFg7X7gpMyKhZcPde8K9\n4FQ8K+h9tlmk9qhXu22MaqqunLty17AF13bzWE4X5YT4J9j9CK/kFw5dAoGAF+LG\n8PrbBMA3WcY0iL9WhJGSP/ruAsK/z01JyFvvpMBFI5qoWjE7NcxL6WTX4vpw9Opd\nw4CObVZqE2dWQggNHDDLatXw8o9EaJst2RQu+jQrpUphk1UuTG+QFRbc8T+Nuciu\nux22AOsHK9SesV68FnKcAEAW57tNrivsV4SwDoECgYEAvb6+GMJTE98mHShCr+pB\nZT/AtivkdFtLeptdNz1AK8D++jeTcMhgIbY7e65l7onXcBtI4tllDYMqcJ8eDi9Y\n4y7a1pWRKLVDRS0JOT0cftnjdCJFf9Wu+0znHi62EJXK2YZC0pPGVIJHdWd9UUYo\nPqqF14YMBbOuJxUVCAr9MXc=\n-----END PRIVATE KEY-----\n",
            "public_key_fingerprint_md5": "3e:fb:47:f5:5c:f4:90:db:c6:22:a1:24:ac:03:48:4f",
            "public_key_fingerprint_sha256": "SHA256:hz1qQYzDbs1P8Jomip2Hiq3lFdMIpkFPJ/5Fnmx6Frc",
            "public_key_openssh": "ssh-rsa AAAAB3NzaC1yc2EAAAADAQABAAABAQDVEvvZJCUKdtVlFtyN9LxS/HVjKQ4quqMCtu7Ao9fNqrCzunUaNfzSyAzDQiA6RBbtD6/qmOjdoTEdEgvwFZ4TwrMyGDiud48MC1klKLEWZE/Ek75WdxgdujRqrfmQPQmltrptLwHkRyrHMqZt/3xGxm+9xQoFT7ay/21TeQLFYm2BgQByZzwnrsge4Pq6fxbrWYFtswVjaJGsk0hCHK9sukbcYaZNJ6kqbCady6O7QbZA/FCIknC5LQfsoQ1x1wBtDtX036WHLvvyjvgb4EN2y1dJnuV2iG5RasEApsi9pSzOvzQ/muy7ut+wj9ETawITnQ3dcGTHEY0CryyleZKf\n",
            "public_key_pem": "-----BEGIN PUBLIC KEY-----\nMIIBIjANBgkqhkiG9w0BAQEFAAOCAQ8AMIIBCgKCAQEA1RL72SQlCnbVZRbcjfS8\nUvx1YykOKrqjArbuwKPXzaqws7p1GjX80sgMw0IgOkQW7Q+v6pjo3aExHRIL8BWe\nE8KzMhg4rnePDAtZJSixFmRPxJO+VncYHbo0aq35kD0Jpba6bS8B5EcqxzKmbf98\nRsZvvcUKBU+2sv9tU3kCxWJtgYEAcmc8J67IHuD6un8W61mBbbMFY2iRrJNIQhyv\nbLpG3GGmTSepKmwmncuju0G2QPxQiJJwuS0H7KENcdcAbQ7V9N+lhy778o74G+BD\ndstXSZ7ldohuUWrBAKbIvaUszr80P5rsu7rfsI/RE2sCE50N3XBkxxGNAq8spXmS\nnwIDAQAB\n-----END PUBLIC KEY-----\n",
            "rsa_bits": 2048
          },
          "sensitive_attributes": []
        }
      ]
    }
  ],
  "check_results": null
}
